# This file is autogenerated, do not edit; changes may be undone by the next 'dep ensure'.


[[projects]]
  branch = "master"
  name = "golang.org/x/tools"
  packages = ["cover"]
  revision = "e93be7f42f9fcac2c537bcd78bab08e6e63ed5bf"

[solve-meta]
  analyzer-name = "dep"
  analyzer-version = 1
  inputs-digest = "4dfd796b089bcb6f85808ad74015f6c73172e2a8412819b2b3da16dc356785ff"
  solver-name = "gps-cdcl"
  solver-version = 1
